
Microsoft Visual Studio Solution File, Format Version 12.00
# Visual Studio Version 16
VisualStudioVersion = 16.0.32002.261
MinimumVisualStudioVersion = 10.0.40219.1
Project("{FAE04EC0-301F-11D3-BF4B-00C04F79EFBC}") = "ConnectSQLServer", "ConnectSQLServer\ConnectSQLServer.csproj", "{EC6E7B96-3AED-43EC-8C44-2652BF4B9B29}"
EndProject
Global
	GlobalSection(SolutionConfigurationPlatforms) = preSolution
		Debug|Any CPU = Debug|Any CPU
		Release|Any CPU = Release|Any CPU
	EndGlobalSection
	GlobalSection(ProjectConfigurationPlatforms) = postSolution
		{EC6E7B96-3AED-43EC-8C44-2652BF4B9B29}.Debug|Any CPU.ActiveCfg = Debug|Any CPU
		{EC6E7B96-3AED-43EC-8C44-2652BF4B9B29}.Debug|Any CPU.Build.0 = Debug|Any CPU
		{EC6E7B96-3AED-43EC-8C44-2652BF4B9B29}.Release|Any CPU.ActiveCfg = Release|Any CPU
		{EC6E7B96-3AED-43EC-8C44-2652BF4B9B29}.Release|Any CPU.Build.0 = Release|Any CPU
	EndGlobalSection
	GlobalSection(SolutionProperties) = preSolution
		HideSolutionNode = FALSE
	EndGlobalSection
	GlobalSection(ExtensibilityGlobals) = postSolution
		SolutionGuid = {68740350-067B-4CC3-AC88-8539A20550DA}
	EndGlobalSection
EndGlobal
